
Microsoft Visual Studio Solution File, Format Version 12.00
# Visual Studio Version 17
VisualStudioVersion = 17.0.32112.339
MinimumVisualStudioVersion = 10.0.40219.1
Project("{9A19103F-16F7-4668-BE54-9A1E7A4F7556}") = "Topicos.Codigo.Warming", "Topicos.Codigo.Warming\Topicos.Codigo.Warming.csproj", "{C276C7BF-C184-4589-A54B-B8BAEE911222}"
EndProject
Project("{9A19103F-16F7-4668-BE54-9A1E7A4F7556}") = "Topicos.Codigo.Dados.BL", "Topicos.Codigo.Dados.BL\Topicos.Codigo.Dados.BL.csproj", "{E8F8A057-2CB1-446A-9702-AB5EEFE87CD9}"
EndProject
Project("{9A19103F-16F7-4668-BE54-9A1E7A4F7556}") = "Topicos.AdventureWorksLT.Model", "Topicos.AdventureWorksLT.Model\Topicos.AdventureWorksLT.Model.csproj", "{96AD66CC-707B-480D-9C82-3D9E5E911131}"
EndProject
Project("{FAE04EC0-301F-11D3-BF4B-00C04F79EFBC}") = "Topicos.AdventureWorksLT.BL", "Topicos.AdventureWorksLT.BL\Topicos.AdventureWorksLT.BL.csproj", "{C2E41151-4BD0-49DC-9B9A-15D9274CC40C}"
EndProject
Global
	GlobalSection(SolutionConfigurationPlatforms) = preSolution
		Debug|Any CPU = Debug|Any CPU
		Release|Any CPU = Release|Any CPU
	EndGlobalSection
	GlobalSection(ProjectConfigurationPlatforms) = postSolution
		{C276C7BF-C184-4589-A54B-B8BAEE911222}.Debug|Any CPU.ActiveCfg = Debug|Any CPU
		{C276C7BF-C184-4589-A54B-B8BAEE911222}.Debug|Any CPU.Build.0 = Debug|Any CPU
		{C276C7BF-C184-4589-A54B-B8BAEE911222}.Release|Any CPU.ActiveCfg = Release|Any CPU
		{C276C7BF-C184-4589-A54B-B8BAEE911222}.Release|Any CPU.Build.0 = Release|Any CPU
		{E8F8A057-2CB1-446A-9702-AB5EEFE87CD9}.Debug|Any CPU.ActiveCfg = Debug|Any CPU
		{E8F8A057-2CB1-446A-9702-AB5EEFE87CD9}.Debug|Any CPU.Build.0 = Debug|Any CPU
		{E8F8A057-2CB1-446A-9702-AB5EEFE87CD9}.Release|Any CPU.ActiveCfg = Release|Any CPU
		{E8F8A057-2CB1-446A-9702-AB5EEFE87CD9}.Release|Any CPU.Build.0 = Release|Any CPU
		{96AD66CC-707B-480D-9C82-3D9E5E911131}.Debug|Any CPU.ActiveCfg = Debug|Any CPU
		{96AD66CC-707B-480D-9C82-3D9E5E911131}.Debug|Any CPU.Build.0 = Debug|Any CPU
		{96AD66CC-707B-480D-9C82-3D9E5E911131}.Release|Any CPU.ActiveCfg = Release|Any CPU
		{96AD66CC-707B-480D-9C82-3D9E5E911131}.Release|Any CPU.Build.0 = Release|Any CPU
		{C2E41151-4BD0-49DC-9B9A-15D9274CC40C}.Debug|Any CPU.ActiveCfg = Debug|Any CPU
		{C2E41151-4BD0-49DC-9B9A-15D9274CC40C}.Debug|Any CPU.Build.0 = Debug|Any CPU
		{C2E41151-4BD0-49DC-9B9A-15D9274CC40C}.Release|Any CPU.ActiveCfg = Release|Any CPU
		{C2E41151-4BD0-49DC-9B9A-15D9274CC40C}.Release|Any CPU.Build.0 = Release|Any CPU
	EndGlobalSection
	GlobalSection(SolutionProperties) = preSolution
		HideSolutionNode = FALSE
	EndGlobalSection
	GlobalSection(ExtensibilityGlobals) = postSolution
		SolutionGuid = {91E8CF80-5641-441F-9AD2-0E96B3A43359}
	EndGlobalSection
EndGlobal
